
Microsoft Visual Studio Solution File, Format Version 12.00
# Visual Studio 15
VisualStudioVersion = 15.0.27428.2043
MinimumVisualStudioVersion = 10.0.40219.1
Project("{FAE04EC0-301F-11D3-BF4B-00C04F79EFBC}") = "P3FES RTE Tool", "P3FES RTE Tool\P3FES RTE Tool.csproj", "{6AC9076C-51D3-49CB-99EA-36272665100F}"
EndProject
Global
	GlobalSection(SolutionConfigurationPlatforms) = preSolution
		Debug|Any CPU = Debug|Any CPU
		Release|Any CPU = Release|Any CPU
	EndGlobalSection
	GlobalSection(ProjectConfigurationPlatforms) = postSolution
		{6AC9076C-51D3-49CB-99EA-36272665100F}.Debug|Any CPU.ActiveCfg = Debug|Any CPU
		{6AC9076C-51D3-49CB-99EA-36272665100F}.Debug|Any CPU.Build.0 = Debug|Any CPU
		{6AC9076C-51D3-49CB-99EA-36272665100F}.Release|Any CPU.ActiveCfg = Release|Any CPU
		{6AC9076C-51D3-49CB-99EA-36272665100F}.Release|Any CPU.Build.0 = Release|Any CPU
	EndGlobalSection
	GlobalSection(SolutionProperties) = preSolution
		HideSolutionNode = FALSE
	EndGlobalSection
	GlobalSection(ExtensibilityGlobals) = postSolution
		SolutionGuid = {EE07A5C7-E8D8-48FE-BEE1-99F6FF38146F}
	EndGlobalSection
EndGlobal
